// !$*UTF8*$!
{
	archiveVersion = 1;
	classes = {
	};
	objectVersion = 51;
	objects = {

/* Begin PBXBuildFile section */
		4BCB1704D8754593714FDCB0 /* Pods_UpChat.framework in Frameworks */ = {isa = PBXBuildFile; fileRef = A6951FAF7128B104BF1E8BDA /* Pods_UpChat.framework */; };
		6364615526AC8C83008D448B /* LoginController.swift in Sources */ = {isa = PBXBuildFile; fileRef = 6364615426AC8C83008D448B /* LoginController.swift */; };
		6364615726AC8C90008D448B /* RegistrationController.swift in Sources */ = {isa = PBXBuildFile; fileRef = 6364615626AC8C90008D448B /* RegistrationController.swift */; };
		6364615A26AC903F008D448B /* Extensions.swift in Sources */ = {isa = PBXBuildFile; fileRef = 6364615926AC903F008D448B /* Extensions.swift */; };
		6364615C26AC9BB2008D448B /* InputContainerView.swift in Sources */ = {isa = PBXBuildFile; fileRef = 6364615B26AC9BB2008D448B /* InputContainerView.swift */; };
		6364615E26ACA03F008D448B /* CustomTextField.swift in Sources */ = {isa = PBXBuildFile; fileRef = 6364615D26ACA03F008D448B /* CustomTextField.swift */; };
		636F70BC26A22FE700182E0E /* AppDelegate.swift in Sources */ = {isa = PBXBuildFile; fileRef = 636F70BB26A22FE700182E0E /* AppDelegate.swift */; };
		636F70BE26A22FE700182E0E /* SceneDelegate.swift in Sources */ = {isa = PBXBuildFile; fileRef = 636F70BD26A22FE700182E0E /* SceneDelegate.swift */; };
		636F70C526A22FE700182E0E /* Assets.xcassets in Resources */ = {isa = PBXBuildFile; fileRef = 636F70C426A22FE700182E0E /* Assets.xcassets */; };
		636F70C826A22FE700182E0E /* LaunchScreen.storyboard in Resources */ = {isa = PBXBuildFile; fileRef = 636F70C626A22FE700182E0E /* LaunchScreen.storyboard */; };
		637ECC3926E84D5000773A37 /* LoginViewModel.swift in Sources */ = {isa = PBXBuildFile; fileRef = 637ECC3826E84D5000773A37 /* LoginViewModel.swift */; };
		637F29A226F927B100FC83DB /* RegistrationViewModel.swift in Sources */ = {isa = PBXBuildFile; fileRef = 637F29A126F927B100FC83DB /* RegistrationViewModel.swift */; };
		63AF1BB226A23E2A0026ECF3 /* ConversationsController.swift in Sources */ = {isa = PBXBuildFile; fileRef = 63AF1BB126A23E2A0026ECF3 /* ConversationsController.swift */; };
		63B94F50270D435A005230BB /* AuthService.swift in Sources */ = {isa = PBXBuildFile; fileRef = 63B94F4F270D435A005230BB /* AuthService.swift */; };
		63F36D60270B94F300D5601E /* GoogleService-Info.plist in Resources */ = {isa = PBXBuildFile; fileRef = 63F36D5F270B94F300D5601E /* GoogleService-Info.plist */; };
/* End PBXBuildFile section */

/* Begin PBXFileReference section */
		27FF52BEEE9A6E7C587FD2CB /* Pods-UpChat.release.xcconfig */ = {isa = PBXFileReference; includeInIndex = 1; lastKnownFileType = text.xcconfig; name = "Pods-UpChat.release.xcconfig"; path = "Target Support Files/Pods-UpChat/Pods-UpChat.release.xcconfig"; sourceTree = "<group>"; };
		6364615426AC8C83008D448B /* LoginController.swift */ = {isa = PBXFileReference; lastKnownFileType = sourcecode.swift; path = LoginController.swift; sourceTree = "<group>"; };
		6364615626AC8C90008D448B /* RegistrationController.swift */ = {isa = PBXFileReference; lastKnownFileType = sourcecode.swift; path = RegistrationController.swift; sourceTree = "<group>"; };
		6364615926AC903F008D448B /* Extensions.swift */ = {isa = PBXFileReference; lastKnownFileType = sourcecode.swift; path = Extensions.swift; sourceTree = "<group>"; };
		6364615B26AC9BB2008D448B /* InputContainerView.swift */ = {isa = PBXFileReference; lastKnownFileType = sourcecode.swift; path = InputContainerView.swift; sourceTree = "<group>"; };
		6364615D26ACA03F008D448B /* CustomTextField.swift */ = {isa = PBXFileReference; lastKnownFileType = sourcecode.swift; path = CustomTextField.swift; sourceTree = "<group>"; };
		636F70B826A22FE700182E0E /* UpChat.app */ = {isa = PBXFileReference; explicitFileType = wrapper.application; includeInIndex = 0; path = UpChat.app; sourceTree = BUILT_PRODUCTS_DIR; };
		636F70BB26A22FE700182E0E /* AppDelegate.swift */ = {isa = PBXFileReference; lastKnownFileType = sourcecode.swift; path = AppDelegate.swift; sourceTree = "<group>"; };
		636F70BD26A22FE700182E0E /* SceneDelegate.swift */ = {isa = PBXFileReference; lastKnownFileType = sourcecode.swift; path = SceneDelegate.swift; sourceTree = "<group>"; };
		636F70C426A22FE700182E0E /* Assets.xcassets */ = {isa = PBXFileReference; lastKnownFileType = folder.assetcatalog; path = Assets.xcassets; sourceTree = "<group>"; };
		636F70C726A22FE700182E0E /* Base */ = {isa = PBXFileReference; lastKnownFileType = file.storyboard; name = Base; path = Base.lproj/LaunchScreen.storyboard; sourceTree = "<group>"; };
		636F70C926A22FE700182E0E /* Info.plist */ = {isa = PBXFileReference; lastKnownFileType = text.plist.xml; path = Info.plist; sourceTree = "<group>"; };
		637ECC3826E84D5000773A37 /* LoginViewModel.swift */ = {isa = PBXFileReference; lastKnownFileType = sourcecode.swift; path = LoginViewModel.swift; sourceTree = "<group>"; };
		637F29A126F927B100FC83DB /* RegistrationViewModel.swift */ = {isa = PBXFileReference; lastKnownFileType = sourcecode.swift; path = RegistrationViewModel.swift; sourceTree = "<group>"; };
		63AF1BB126A23E2A0026ECF3 /* ConversationsController.swift */ = {isa = PBXFileReference; lastKnownFileType = sourcecode.swift; path = ConversationsController.swift; sourceTree = "<group>"; };
		63B94F4F270D435A005230BB /* AuthService.swift */ = {isa = PBXFileReference; lastKnownFileType = sourcecode.swift; path = AuthService.swift; sourceTree = "<group>"; };
		63F36D5F270B94F300D5601E /* GoogleService-Info.plist */ = {isa = PBXFileReference; lastKnownFileType = text.plist; path = "GoogleService-Info.plist"; sourceTree = SOURCE_ROOT; };
		6660E08001DAA61E5EB030D5 /* Pods-UpChat.debug.xcconfig */ = {isa = PBXFileReference; includeInIndex = 1; lastKnownFileType = text.xcconfig; name = "Pods-UpChat.debug.xcconfig"; path = "Target Support Files/Pods-UpChat/Pods-UpChat.debug.xcconfig"; sourceTree = "<group>"; };
		A6951FAF7128B104BF1E8BDA /* Pods_UpChat.framework */ = {isa = PBXFileReference; explicitFileType = wrapper.framework; includeInIndex = 0; path = Pods_UpChat.framework; sourceTree = BUILT_PRODUCTS_DIR; };
/* End PBXFileReference section */

/* Begin PBXFrameworksBuildPhase section */
		636F70B526A22FE600182E0E /* Frameworks */ = {
			isa = PBXFrameworksBuildPhase;
			buildActionMask = 2147483647;
			files = (
				4BCB1704D8754593714FDCB0 /* Pods_UpChat.framework in Frameworks */,
			);
			runOnlyForDeploymentPostprocessing = 0;
		};
/* End PBXFrameworksBuildPhase section */

/* Begin PBXGroup section */
		6364615326AC8C0E008D448B /* Authentication */ = {
			isa = PBXGroup;
			children = (
				6364615426AC8C83008D448B /* LoginController.swift */,
				6364615626AC8C90008D448B /* RegistrationController.swift */,
			);
			path = Authentication;
			sourceTree = "<group>";
		};
		636F70AF26A22FE600182E0E = {
			isa = PBXGroup;
			children = (
				636F70BA26A22FE700182E0E /* UpChat */,
				636F70B926A22FE700182E0E /* Products */,
				E471FF0058630266E93B110E /* Pods */,
				D5B8E2A4EE0E476AB6E98754 /* Frameworks */,
			);
			sourceTree = "<group>";
		};
		636F70B926A22FE700182E0E /* Products */ = {
			isa = PBXGroup;
			children = (
				636F70B826A22FE700182E0E /* UpChat.app */,
			);
			name = Products;
			sourceTree = "<group>";
		};
		636F70BA26A22FE700182E0E /* UpChat */ = {
			isa = PBXGroup;
			children = (
				636F70BB26A22FE700182E0E /* AppDelegate.swift */,
				636F70BD26A22FE700182E0E /* SceneDelegate.swift */,
				63AF1BAE26A23C010026ECF3 /* Model */,
				63AF1BAD26A23BFC0026ECF3 /* View */,
				63AF1BAC26A23BEF0026ECF3 /* ViewModel */,
				63AF1BAB26A23BE50026ECF3 /* Controller */,
				63AF1BAA26A23BD80026ECF3 /* API */,
				63AF1BA926A23BCD0026ECF3 /* Utils */,
				636F70C426A22FE700182E0E /* Assets.xcassets */,
				636F70C626A22FE700182E0E /* LaunchScreen.storyboard */,
				636F70C926A22FE700182E0E /* Info.plist */,
				63F36D5F270B94F300D5601E /* GoogleService-Info.plist */,
			);
			path = UpChat;
			sourceTree = "<group>";
		};
		637F29A326F927BE00FC83DB /* Authenitcation */ = {
			isa = PBXGroup;
			children = (
				6364615B26AC9BB2008D448B /* InputContainerView.swift */,
				6364615D26ACA03F008D448B /* CustomTextField.swift */,
			);
			path = Authenitcation;
			sourceTree = "<group>";
		};
		63AF1BA926A23BCD0026ECF3 /* Utils */ = {
			isa = PBXGroup;
			children = (
				6364615926AC903F008D448B /* Extensions.swift */,
			);
			path = Utils;
			sourceTree = "<group>";
		};
		63AF1BAA26A23BD80026ECF3 /* API */ = {
			isa = PBXGroup;
			children = (
				63B94F4F270D435A005230BB /* AuthService.swift */,
			);
			path = API;
			sourceTree = "<group>";
		};
		63AF1BAB26A23BE50026ECF3 /* Controller */ = {
			isa = PBXGroup;
			children = (
				6364615326AC8C0E008D448B /* Authentication */,
				63AF1BB126A23E2A0026ECF3 /* ConversationsController.swift */,
			);
			path = Controller;
			sourceTree = "<group>";
		};
		63AF1BAC26A23BEF0026ECF3 /* ViewModel */ = {
			isa = PBXGroup;
			children = (
				637ECC3826E84D5000773A37 /* LoginViewModel.swift */,
				637F29A126F927B100FC83DB /* RegistrationViewModel.swift */,
			);
			path = ViewModel;
			sourceTree = "<group>";
		};
		63AF1BAD26A23BFC0026ECF3 /* View */ = {
			isa = PBXGroup;
			children = (
				637F29A326F927BE00FC83DB /* Authenitcation */,
			);
			path = View;
			sourceTree = "<group>";
		};
		63AF1BAE26A23C010026ECF3 /* Model */ = {
			isa = PBXGroup;
			children = (
			);
			path = Model;
			sourceTree = "<group>";
		};
		D5B8E2A4EE0E476AB6E98754 /* Frameworks */ = {
			isa = PBXGroup;
			children = (
				A6951FAF7128B104BF1E8BDA /* Pods_UpChat.framework */,
			);
			name = Frameworks;
			sourceTree = "<group>";
		};
		E471FF0058630266E93B110E /* Pods */ = {
			isa = PBXGroup;
			children = (
				6660E08001DAA61E5EB030D5 /* Pods-UpChat.debug.xcconfig */,
				27FF52BEEE9A6E7C587FD2CB /* Pods-UpChat.release.xcconfig */,
			);
			path = Pods;
			sourceTree = "<group>";
		};
/* End PBXGroup section */

/* Begin PBXNativeTarget section */
		636F70B726A22FE600182E0E /* UpChat */ = {
			isa = PBXNativeTarget;
			buildConfigurationList = 636F70CC26A22FE700182E0E /* Build configuration list for PBXNativeTarget "UpChat" */;
			buildPhases = (
				E59C1D9B2E602734BB1903B7 /* [CP] Check Pods Manifest.lock */,
				636F70B426A22FE600182E0E /* Sources */,
				636F70B526A22FE600182E0E /* Frameworks */,
				636F70B626A22FE600182E0E /* Resources */,
				D9A814C033281AA81726BA35 /* [CP] Embed Pods Frameworks */,
			);
			buildRules = (
			);
			dependencies = (
			);
			name = UpChat;
			productName = UpChat;
			productReference = 636F70B826A22FE700182E0E /* UpChat.app */;
			productType = "com.apple.product-type.application";
		};
/* End PBXNativeTarget section */

/* Begin PBXProject section */
		636F70B026A22FE600182E0E /* Project object */ = {
			isa = PBXProject;
			attributes = {
				LastSwiftUpdateCheck = 1240;
				LastUpgradeCheck = 1240;
				TargetAttributes = {
					636F70B726A22FE600182E0E = {
						CreatedOnToolsVersion = 12.4;
					};
				};
			};
			buildConfigurationList = 636F70B326A22FE600182E0E /* Build configuration list for PBXProject "UpChat" */;
			compatibilityVersion = "Xcode 9.3";
			developmentRegion = en;
			hasScannedForEncodings = 0;
			knownRegions = (
				en,
				Base,
			);
			mainGroup = 636F70AF26A22FE600182E0E;
			productRefGroup = 636F70B926A22FE700182E0E /* Products */;
			projectDirPath = "";
			projectRoot = "";
			targets = (
				636F70B726A22FE600182E0E /* UpChat */,
			);
		};
/* End PBXProject section */

/* Begin PBXResourcesBuildPhase section */
		636F70B626A22FE600182E0E /* Resources */ = {
			isa = PBXResourcesBuildPhase;
			buildActionMask = 2147483647;
			files = (
				636F70C826A22FE700182E0E /* LaunchScreen.storyboard in Resources */,
				636F70C526A22FE700182E0E /* Assets.xcassets in Resources */,
				63F36D60270B94F300D5601E /* GoogleService-Info.plist in Resources */,
			);
			runOnlyForDeploymentPostprocessing = 0;
		};
/* End PBXResourcesBuildPhase section */

/* Begin PBXShellScriptBuildPhase section */
		D9A814C033281AA81726BA35 /* [CP] Embed Pods Frameworks */ = {
			isa = PBXShellScriptBuildPhase;
			buildActionMask = 2147483647;
			files = (
			);
			inputFileListPaths = (
				"${PODS_ROOT}/Target Support Files/Pods-UpChat/Pods-UpChat-frameworks-${CONFIGURATION}-input-files.xcfilelist",
			);
			name = "[CP] Embed Pods Frameworks";
			outputFileListPaths = (
				"${PODS_ROOT}/Target Support Files/Pods-UpChat/Pods-UpChat-frameworks-${CONFIGURATION}-output-files.xcfilelist",
			);
			runOnlyForDeploymentPostprocessing = 0;
			shellPath = /bin/sh;
			shellScript = "\"${PODS_ROOT}/Target Support Files/Pods-UpChat/Pods-UpChat-frameworks.sh\"\n";
			showEnvVarsInLog = 0;
		};
		E59C1D9B2E602734BB1903B7 /* [CP] Check Pods Manifest.lock */ = {
			isa = PBXShellScriptBuildPhase;
			buildActionMask = 2147483647;
			files = (
			);
			inputFileListPaths = (
			);
			inputPaths = (
				"${PODS_PODFILE_DIR_PATH}/Podfile.lock",
				"${PODS_ROOT}/Manifest.lock",
			);
			name = "[CP] Check Pods Manifest.lock";
			outputFileListPaths = (
			);
			outputPaths = (
				"$(DERIVED_FILE_DIR)/Pods-UpChat-checkManifestLockResult.txt",
			);
			runOnlyForDeploymentPostprocessing = 0;
			shellPath = /bin/sh;
			shellScript = "diff \"${PODS_PODFILE_DIR_PATH}/Podfile.lock\" \"${PODS_ROOT}/Manifest.lock\" > /dev/null\nif [ $? != 0 ] ; then\n    # print error to STDERR\n    echo \"error: The sandbox is not in sync with the Podfile.lock. Run 'pod install' or update your CocoaPods installation.\" >&2\n    exit 1\nfi\n# This output is used by Xcode 'outputs' to avoid re-running this script phase.\necho \"SUCCESS\" > \"${SCRIPT_OUTPUT_FILE_0}\"\n";
			showEnvVarsInLog = 0;
		};
/* End PBXShellScriptBuildPhase section */

/* Begin PBXSourcesBuildPhase section */
		636F70B426A22FE600182E0E /* Sources */ = {
			isa = PBXSourcesBuildPhase;
			buildActionMask = 2147483647;
			files = (
				636F70BC26A22FE700182E0E /* AppDelegate.swift in Sources */,
				6364615A26AC903F008D448B /* Extensions.swift in Sources */,
				6364615C26AC9BB2008D448B /* InputContainerView.swift in Sources */,
				6364615526AC8C83008D448B /* LoginController.swift in Sources */,
				6364615E26ACA03F008D448B /* CustomTextField.swift in Sources */,
				63B94F50270D435A005230BB /* AuthService.swift in Sources */,
				637F29A226F927B100FC83DB /* RegistrationViewModel.swift in Sources */,
				63AF1BB226A23E2A0026ECF3 /* ConversationsController.swift in Sources */,
				6364615726AC8C90008D448B /* RegistrationController.swift in Sources */,
				636F70BE26A22FE700182E0E /* SceneDelegate.swift in Sources */,
				637ECC3926E84D5000773A37 /* LoginViewModel.swift in Sources */,
			);
			runOnlyForDeploymentPostprocessing = 0;
		};
/* End PBXSourcesBuildPhase section */

/* Begin PBXVariantGroup section */
		636F70C626A22FE700182E0E /* LaunchScreen.storyboard */ = {
			isa = PBXVariantGroup;
			children = (
				636F70C726A22FE700182E0E /* Base */,
			);
			name = LaunchScreen.storyboard;
			sourceTree = "<group>";
		};
/* End PBXVariantGroup section */

/* Begin XCBuildConfiguration section */
		636F70CA26A22FE700182E0E /* Debug */ = {
			isa = XCBuildConfiguration;
			buildSettings = {
				ALWAYS_SEARCH_USER_PATHS = NO;
				CLANG_ANALYZER_NONNULL = YES;
				CLANG_ANALYZER_NUMBER_OBJECT_CONVERSION = YES_AGGRESSIVE;
				CLANG_CXX_LANGUAGE_STANDARD = "gnu++14";
				CLANG_CXX_LIBRARY = "libc++";
				CLANG_ENABLE_MODULES = YES;
				CLANG_ENABLE_OBJC_ARC = YES;
				CLANG_ENABLE_OBJC_WEAK = YES;
				CLANG_WARN_BLOCK_CAPTURE_AUTORELEASING = YES;
				CLANG_WARN_BOOL_CONVERSION = YES;
				CLANG_WARN_COMMA = YES;
				CLANG_WARN_CONSTANT_CONVERSION = YES;
				CLANG_WARN_DEPRECATED_OBJC_IMPLEMENTATIONS = YES;
				CLANG_WARN_DIRECT_OBJC_ISA_USAGE = YES_ERROR;
				CLANG_WARN_DOCUMENTATION_COMMENTS = YES;
				CLANG_WARN_EMPTY_BODY = YES;
				CLANG_WARN_ENUM_CONVERSION = YES;
				CLANG_WARN_INFINITE_RECURSION = YES;
				CLANG_WARN_INT_CONVERSION = YES;
				CLANG_WARN_NON_LITERAL_NULL_CONVERSION = YES;
				CLANG_WARN_OBJC_IMPLICIT_RETAIN_SELF = YES;
				CLANG_WARN_OBJC_LITERAL_CONVERSION = YES;
				CLANG_WARN_OBJC_ROOT_CLASS = YES_ERROR;
				CLANG_WARN_QUOTED_INCLUDE_IN_FRAMEWORK_HEADER = YES;
				CLANG_WARN_RANGE_LOOP_ANALYSIS = YES;
				CLANG_WARN_STRICT_PROTOTYPES = YES;
				CLANG_WARN_SUSPICIOUS_MOVE = YES;
				CLANG_WARN_UNGUARDED_AVAILABILITY = YES_AGGRESSIVE;
				CLANG_WARN_UNREACHABLE_CODE = YES;
				CLANG_WARN__DUPLICATE_METHOD_MATCH = YES;
				COPY_PHASE_STRIP = NO;
				DEBUG_INFORMATION_FORMAT = dwarf;
				ENABLE_STRICT_OBJC_MSGSEND = YES;
				ENABLE_TESTABILITY = YES;
				GCC_C_LANGUAGE_STANDARD = gnu11;
				GCC_DYNAMIC_NO_PIC = NO;
				GCC_NO_COMMON_BLOCKS = YES;
				GCC_OPTIMIZATION_LEVEL = 0;
				GCC_PREPROCESSOR_DEFINITIONS = (
					"DEBUG=1",
					"$(inherited)",
				);
				GCC_WARN_64_TO_32_BIT_CONVERSION = YES;
				GCC_WARN_ABOUT_RETURN_TYPE = YES_ERROR;
				GCC_WARN_UNDECLARED_SELECTOR = YES;
				GCC_WARN_UNINITIALIZED_AUTOS = YES_AGGRESSIVE;
				GCC_WARN_UNUSED_FUNCTION = YES;
				GCC_WARN_UNUSED_VARIABLE = YES;
				IPHONEOS_DEPLOYMENT_TARGET = 14.4;
				MTL_ENABLE_DEBUG_INFO = INCLUDE_SOURCE;
				MTL_FAST_MATH = YES;
				ONLY_ACTIVE_ARCH = YES;
				SDKROOT = iphoneos;
				SWIFT_ACTIVE_COMPILATION_CONDITIONS = DEBUG;
				SWIFT_OPTIMIZATION_LEVEL = "-Onone";
			};
			name = Debug;
		};
		636F70CB26A22FE700182E0E /* Release */ = {
			isa = XCBuildConfiguration;
			buildSettings = {
				ALWAYS_SEARCH_USER_PATHS = NO;
				CLANG_ANALYZER_NONNULL = YES;
				CLANG_ANALYZER_NUMBER_OBJECT_CONVERSION = YES_AGGRESSIVE;
				CLANG_CXX_LANGUAGE_STANDARD = "gnu++14";
				CLANG_CXX_LIBRARY = "libc++";
				CLANG_ENABLE_MODULES = YES;
				CLANG_ENABLE_OBJC_ARC = YES;
				CLANG_ENABLE_OBJC_WEAK = YES;
				CLANG_WARN_BLOCK_CAPTURE_AUTORELEASING = YES;
				CLANG_WARN_BOOL_CONVERSION = YES;
				CLANG_WARN_COMMA = YES;
				CLANG_WARN_CONSTANT_CONVERSION = YES;
				CLANG_WARN_DEPRECATED_OBJC_IMPLEMENTATIONS = YES;
				CLANG_WARN_DIRECT_OBJC_ISA_USAGE = YES_ERROR;
				CLANG_WARN_DOCUMENTATION_COMMENTS = YES;
				CLANG_WARN_EMPTY_BODY = YES;
				CLANG_WARN_ENUM_CONVERSION = YES;
				CLANG_WARN_INFINITE_RECURSION = YES;
				CLANG_WARN_INT_CONVERSION = YES;
				CLANG_WARN_NON_LITERAL_NULL_CONVERSION = YES;
				CLANG_WARN_OBJC_IMPLICIT_RETAIN_SELF = YES;
				CLANG_WARN_OBJC_LITERAL_CONVERSION = YES;
				CLANG_WARN_OBJC_ROOT_CLASS = YES_ERROR;
				CLANG_WARN_QUOTED_INCLUDE_IN_FRAMEWORK_HEADER = YES;
				CLANG_WARN_RANGE_LOOP_ANALYSIS = YES;
				CLANG_WARN_STRICT_PROTOTYPES = YES;
				CLANG_WARN_SUSPICIOUS_MOVE = YES;
				CLANG_WARN_UNGUARDED_AVAILABILITY = YES_AGGRESSIVE;
				CLANG_WARN_UNREACHABLE_CODE = YES;
				CLANG_WARN__DUPLICATE_METHOD_MATCH = YES;
				COPY_PHASE_STRIP = NO;
				DEBUG_INFORMATION_FORMAT = "dwarf-with-dsym";
				ENABLE_NS_ASSERTIONS = NO;
				ENABLE_STRICT_OBJC_MSGSEND = YES;
				GCC_C_LANGUAGE_STANDARD = gnu11;
				GCC_NO_COMMON_BLOCKS = YES;
				GCC_WARN_64_TO_32_BIT_CONVERSION = YES;
				GCC_WARN_ABOUT_RETURN_TYPE = YES_ERROR;
				GCC_WARN_UNDECLARED_SELECTOR = YES;
				GCC_WARN_UNINITIALIZED_AUTOS = YES_AGGRESSIVE;
				GCC_WARN_UNUSED_FUNCTION = YES;
				GCC_WARN_UNUSED_VARIABLE = YES;
				IPHONEOS_DEPLOYMENT_TARGET = 14.4;
				MTL_ENABLE_DEBUG_INFO = NO;
				MTL_FAST_MATH = YES;
				SDKROOT = iphoneos;
				SWIFT_COMPILATION_MODE = wholemodule;
				SWIFT_OPTIMIZATION_LEVEL = "-O";
				VALIDATE_PRODUCT = YES;
			};
			name = Release;
		};
		636F70CD26A22FE700182E0E /* Debug */ = {
			isa = XCBuildConfiguration;
			baseConfigurationReference = 6660E08001DAA61E5EB030D5 /* Pods-UpChat.debug.xcconfig */;
			buildSettings = {
				ASSETCATALOG_COMPILER_APPICON_NAME = AppIcon;
				ASSETCATALOG_COMPILER_GLOBAL_ACCENT_COLOR_NAME = AccentColor;
				CODE_SIGN_STYLE = Automatic;
				INFOPLIST_FILE = UpChat/Info.plist;
				LD_RUNPATH_SEARCH_PATHS = (
					"$(inherited)",
					"@executable_path/Frameworks",
				);
				PRODUCT_BUNDLE_IDENTIFIER = Alberto.UpChat;
				PRODUCT_NAME = "$(TARGET_NAME)";
				SWIFT_VERSION = 5.0;
				TARGETED_DEVICE_FAMILY = "1,2";
			};
			name = Debug;
		};
		636F70CE26A22FE700182E0E /* Release */ = {
			isa = XCBuildConfiguration;
			baseConfigurationReference = 27FF52BEEE9A6E7C587FD2CB /* Pods-UpChat.release.xcconfig */;
			buildSettings = {
				ASSETCATALOG_COMPILER_APPICON_NAME = AppIcon;
				ASSETCATALOG_COMPILER_GLOBAL_ACCENT_COLOR_NAME = AccentColor;
				CODE_SIGN_STYLE = Automatic;
				INFOPLIST_FILE = UpChat/Info.plist;
				LD_RUNPATH_SEARCH_PATHS = (
					"$(inherited)",
					"@executable_path/Frameworks",
				);
				PRODUCT_BUNDLE_IDENTIFIER = Alberto.UpChat;
				PRODUCT_NAME = "$(TARGET_NAME)";
				SWIFT_VERSION = 5.0;
				TARGETED_DEVICE_FAMILY = "1,2";
			};
			name = Release;
		};
/* End XCBuildConfiguration section */

/* Begin XCConfigurationList section */
		636F70B326A22FE600182E0E /* Build configuration list for PBXProject "UpChat" */ = {
			isa = XCConfigurationList;
			buildConfigurations = (
				636F70CA26A22FE700182E0E /* Debug */,
				636F70CB26A22FE700182E0E /* Release */,
			);
			defaultConfigurationIsVisible = 0;
			defaultConfigurationName = Release;
		};
		636F70CC26A22FE700182E0E /* Build configuration list for PBXNativeTarget "UpChat" */ = {
			isa = XCConfigurationList;
			buildConfigurations = (
				636F70CD26A22FE700182E0E /* Debug */,
				636F70CE26A22FE700182E0E /* Release */,
			);
			defaultConfigurationIsVisible = 0;
			defaultConfigurationName = Release;
		};
/* End XCConfigurationList section */
	};
	rootObject = 636F70B026A22FE600182E0E /* Project object */;
}
